
Microsoft Visual Studio Solution File, Format Version 12.00
# Visual Studio Version 17
VisualStudioVersion = 17.13.35825.156 d17.13
MinimumVisualStudioVersion = 10.0.40219.1
Project("{FAE04EC0-301F-11D3-BF4B-00C04F79EFBC}") = "TheZoo", "TheZoo\TheZoo.csproj", "{58107603-08F1-4D6E-9465-0D7178F156BA}"
EndProject
Global
	GlobalSection(SolutionConfigurationPlatforms) = preSolution
		Debug|Any CPU = Debug|Any CPU
		Release|Any CPU = Release|Any CPU
	EndGlobalSection
	GlobalSection(ProjectConfigurationPlatforms) = postSolution
		{58107603-08F1-4D6E-9465-0D7178F156BA}.Debug|Any CPU.ActiveCfg = Debug|Any CPU
		{58107603-08F1-4D6E-9465-0D7178F156BA}.Debug|Any CPU.Build.0 = Debug|Any CPU
		{58107603-08F1-4D6E-9465-0D7178F156BA}.Release|Any CPU.ActiveCfg = Release|Any CPU
		{58107603-08F1-4D6E-9465-0D7178F156BA}.Release|Any CPU.Build.0 = Release|Any CPU
	EndGlobalSection
	GlobalSection(SolutionProperties) = preSolution
		HideSolutionNode = FALSE
	EndGlobalSection
	GlobalSection(ExtensibilityGlobals) = postSolution
		SolutionGuid = {E732E9C1-825B-4F25-B456-65E8922B9E60}
	EndGlobalSection
EndGlobal
